
Microsoft Visual Studio Solution File, Format Version 12.00
# Visual Studio 15
VisualStudioVersion = 15.0.28307.779
MinimumVisualStudioVersion = 10.0.40219.1
Project("{FAE04EC0-301F-11D3-BF4B-00C04F79EFBC}") = "TestApplication", "TestApplication\TestApplication.csproj", "{62E14C83-B4FF-4999-B33C-8A26B006C101}"
EndProject
Global
	GlobalSection(SolutionConfigurationPlatforms) = preSolution
		Debug|Any CPU = Debug|Any CPU
		Release|Any CPU = Release|Any CPU
	EndGlobalSection
	GlobalSection(ProjectConfigurationPlatforms) = postSolution
		{62E14C83-B4FF-4999-B33C-8A26B006C101}.Debug|Any CPU.ActiveCfg = Debug|Any CPU
		{62E14C83-B4FF-4999-B33C-8A26B006C101}.Debug|Any CPU.Build.0 = Debug|Any CPU
		{62E14C83-B4FF-4999-B33C-8A26B006C101}.Release|Any CPU.ActiveCfg = Release|Any CPU
		{62E14C83-B4FF-4999-B33C-8A26B006C101}.Release|Any CPU.Build.0 = Release|Any CPU
	EndGlobalSection
	GlobalSection(SolutionProperties) = preSolution
		HideSolutionNode = FALSE
	EndGlobalSection
	GlobalSection(ExtensibilityGlobals) = postSolution
		SolutionGuid = {3F33B146-65AC-4FCD-B2AC-D68CF7BF368D}
	EndGlobalSection
EndGlobal
